// !$*UTF8*$!
{
	archiveVersion = 1;
	classes = {
	};
	objectVersion = 46;
	objects = {

/* Begin PBXBuildFile section */
		5482214C1B00742D00D819B7 /* AppDelegate.swift in Sources */ = {isa = PBXBuildFile; fileRef = 5482214B1B00742D00D819B7 /* AppDelegate.swift */; };
		5482214E1B00742D00D819B7 /* ViewController.swift in Sources */ = {isa = PBXBuildFile; fileRef = 5482214D1B00742D00D819B7 /* ViewController.swift */; };
		548221511B00742D00D819B7 /* Main.storyboard in Resources */ = {isa = PBXBuildFile; fileRef = 5482214F1B00742D00D819B7 /* Main.storyboard */; };
		548221531B00742D00D819B7 /* Images.xcassets in Resources */ = {isa = PBXBuildFile; fileRef = 548221521B00742D00D819B7 /* Images.xcassets */; };
		548221561B00742D00D819B7 /* LaunchScreen.xib in Resources */ = {isa = PBXBuildFile; fileRef = 548221541B00742D00D819B7 /* LaunchScreen.xib */; };
		548221621B00742D00D819B7 /* FingerMoveTests.swift in Sources */ = {isa = PBXBuildFile; fileRef = 548221611B00742D00D819B7 /* FingerMoveTests.swift */; };
		5482216E1B0074BA00D819B7 /* star.png in Resources */ = {isa = PBXBuildFile; fileRef = 5482216D1B0074BA00D819B7 /* star.png */; };
/* End PBXBuildFile section */

/* Begin PBXContainerItemProxy section */
		5482215C1B00742D00D819B7 /* PBXContainerItemProxy */ = {
			isa = PBXContainerItemProxy;
			containerPortal = 5482213E1B00742D00D819B7 /* Project object */;
			proxyType = 1;
			remoteGlobalIDString = 548221451B00742D00D819B7;
			remoteInfo = FingerMove;
		};
/* End PBXContainerItemProxy section */

/* Begin PBXFileReference section */
		548221461B00742D00D819B7 /* FingerMove.app */ = {isa = PBXFileReference; explicitFileType = wrapper.application; includeInIndex = 0; path = FingerMove.app; sourceTree = BUILT_PRODUCTS_DIR; };
		5482214A1B00742D00D819B7 /* Info.plist */ = {isa = PBXFileReference; lastKnownFileType = text.plist.xml; path = Info.plist; sourceTree = "<group>"; };
		5482214B1B00742D00D819B7 /* AppDelegate.swift */ = {isa = PBXFileReference; lastKnownFileType = sourcecode.swift; path = AppDelegate.swift; sourceTree = "<group>"; };
		5482214D1B00742D00D819B7 /* ViewController.swift */ = {isa = PBXFileReference; lastKnownFileType = sourcecode.swift; path = ViewController.swift; sourceTree = "<group>"; };
		548221501B00742D00D819B7 /* Base */ = {isa = PBXFileReference; lastKnownFileType = file.storyboard; name = Base; path = Base.lproj/Main.storyboard; sourceTree = "<group>"; };
		548221521B00742D00D819B7 /* Images.xcassets */ = {isa = PBXFileReference; lastKnownFileType = folder.assetcatalog; path = Images.xcassets; sourceTree = "<group>"; };
		548221551B00742D00D819B7 /* Base */ = {isa = PBXFileReference; lastKnownFileType = file.xib; name = Base; path = Base.lproj/LaunchScreen.xib; sourceTree = "<group>"; };
		5482215B1B00742D00D819B7 /* FingerMoveTests.xctest */ = {isa = PBXFileReference; explicitFileType = wrapper.cfbundle; includeInIndex = 0; path = FingerMoveTests.xctest; sourceTree = BUILT_PRODUCTS_DIR; };
		548221601B00742D00D819B7 /* Info.plist */ = {isa = PBXFileReference; lastKnownFileType = text.plist.xml; path = Info.plist; sourceTree = "<group>"; };
		548221611B00742D00D819B7 /* FingerMoveTests.swift */ = {isa = PBXFileReference; lastKnownFileType = sourcecode.swift; path = FingerMoveTests.swift; sourceTree = "<group>"; };
		5482216D1B0074BA00D819B7 /* star.png */ = {isa = PBXFileReference; lastKnownFileType = image.png; path = star.png; sourceTree = "<group>"; };
/* End PBXFileReference section */

/* Begin PBXFrameworksBuildPhase section */
		548221431B00742D00D819B7 /* Frameworks */ = {
			isa = PBXFrameworksBuildPhase;
			buildActionMask = 2147483647;
			files = (
			);
			runOnlyForDeploymentPostprocessing = 0;
		};
		548221581B00742D00D819B7 /* Frameworks */ = {
			isa = PBXFrameworksBuildPhase;
			buildActionMask = 2147483647;
			files = (
			);
			runOnlyForDeploymentPostprocessing = 0;
		};
/* End PBXFrameworksBuildPhase section */

/* Begin PBXGroup section */
		5482213D1B00742D00D819B7 = {
			isa = PBXGroup;
			children = (
				548221481B00742D00D819B7 /* FingerMove */,
				5482215E1B00742D00D819B7 /* FingerMoveTests */,
				548221471B00742D00D819B7 /* Products */,
			);
			sourceTree = "<group>";
		};
		548221471B00742D00D819B7 /* Products */ = {
			isa = PBXGroup;
			children = (
				548221461B00742D00D819B7 /* FingerMove.app */,
				5482215B1B00742D00D819B7 /* FingerMoveTests.xctest */,
			);
			name = Products;
			sourceTree = "<group>";
		};
		548221481B00742D00D819B7 /* FingerMove */ = {
			isa = PBXGroup;
			children = (
				5482216D1B0074BA00D819B7 /* star.png */,
				5482214B1B00742D00D819B7 /* AppDelegate.swift */,
				5482214D1B00742D00D819B7 /* ViewController.swift */,
				5482214F1B00742D00D819B7 /* Main.storyboard */,
				548221521B00742D00D819B7 /* Images.xcassets */,
				548221541B00742D00D819B7 /* LaunchScreen.xib */,
				548221491B00742D00D819B7 /* Supporting Files */,
			);
			path = FingerMove;
			sourceTree = "<group>";
		};
		548221491B00742D00D819B7 /* Supporting Files */ = {
			isa = PBXGroup;
			children = (
				5482214A1B00742D00D819B7 /* Info.plist */,
			);
			name = "Supporting Files";
			sourceTree = "<group>";
		};
		5482215E1B00742D00D819B7 /* FingerMoveTests */ = {
			isa = PBXGroup;
			children = (
				548221611B00742D00D819B7 /* FingerMoveTests.swift */,
				5482215F1B00742D00D819B7 /* Supporting Files */,
			);
			path = FingerMoveTests;
			sourceTree = "<group>";
		};
		5482215F1B00742D00D819B7 /* Supporting Files */ = {
			isa = PBXGroup;
			children = (
				548221601B00742D00D819B7 /* Info.plist */,
			);
			name = "Supporting Files";
			sourceTree = "<group>";
		};
/* End PBXGroup section */

/* Begin PBXNativeTarget section */
		548221451B00742D00D819B7 /* FingerMove */ = {
			isa = PBXNativeTarget;
			buildConfigurationList = 548221651B00742D00D819B7 /* Build configuration list for PBXNativeTarget "FingerMove" */;
			buildPhases = (
				548221421B00742D00D819B7 /* Sources */,
				548221431B00742D00D819B7 /* Frameworks */,
				548221441B00742D00D819B7 /* Resources */,
			);
			buildRules = (
			);
			dependencies = (
			);
			name = FingerMove;
			productName = FingerMove;
			productReference = 548221461B00742D00D819B7 /* FingerMove.app */;
			productType = "com.apple.product-type.application";
		};
		5482215A1B00742D00D819B7 /* FingerMoveTests */ = {
			isa = PBXNativeTarget;
			buildConfigurationList = 548221681B00742D00D819B7 /* Build configuration list for PBXNativeTarget "FingerMoveTests" */;
			buildPhases = (
				548221571B00742D00D819B7 /* Sources */,
				548221581B00742D00D819B7 /* Frameworks */,
				548221591B00742D00D819B7 /* Resources */,
			);
			buildRules = (
			);
			dependencies = (
				5482215D1B00742D00D819B7 /* PBXTargetDependency */,
			);
			name = FingerMoveTests;
			productName = FingerMoveTests;
			productReference = 5482215B1B00742D00D819B7 /* FingerMoveTests.xctest */;
			productType = "com.apple.product-type.bundle.unit-test";
		};
/* End PBXNativeTarget section */

/* Begin PBXProject section */
		5482213E1B00742D00D819B7 /* Project object */ = {
			isa = PBXProject;
			attributes = {
				LastUpgradeCheck = 0630;
				ORGANIZATIONNAME = perkin;
				TargetAttributes = {
					548221451B00742D00D819B7 = {
						CreatedOnToolsVersion = 6.3.1;
					};
					5482215A1B00742D00D819B7 = {
						CreatedOnToolsVersion = 6.3.1;
						TestTargetID = 548221451B00742D00D819B7;
					};
				};
			};
			buildConfigurationList = 548221411B00742D00D819B7 /* Build configuration list for PBXProject "FingerMove" */;
			compatibilityVersion = "Xcode 3.2";
			developmentRegion = English;
			hasScannedForEncodings = 0;
			knownRegions = (
				en,
				Base,
			);
			mainGroup = 5482213D1B00742D00D819B7;
			productRefGroup = 548221471B00742D00D819B7 /* Products */;
			projectDirPath = "";
			projectRoot = "";
			targets = (
				548221451B00742D00D819B7 /* FingerMove */,
				5482215A1B00742D00D819B7 /* FingerMoveTests */,
			);
		};
/* End PBXProject section */

/* Begin PBXResourcesBuildPhase section */
		548221441B00742D00D819B7 /* Resources */ = {
			isa = PBXResourcesBuildPhase;
			buildActionMask = 2147483647;
			files = (
				548221511B00742D00D819B7 /* Main.storyboard in Resources */,
				5482216E1B0074BA00D819B7 /* star.png in Resources */,
				548221561B00742D00D819B7 /* LaunchScreen.xib in Resources */,
				548221531B00742D00D819B7 /* Images.xcassets in Resources */,
			);
			runOnlyForDeploymentPostprocessing = 0;
		};
		548221591B00742D00D819B7 /* Resources */ = {
			isa = PBXResourcesBuildPhase;
			buildActionMask = 2147483647;
			files = (
			);
			runOnlyForDeploymentPostprocessing = 0;
		};
/* End PBXResourcesBuildPhase section */

/* Begin PBXSourcesBuildPhase section */
		548221421B00742D00D819B7 /* Sources */ = {
			isa = PBXSourcesBuildPhase;
			buildActionMask = 2147483647;
			files = (
				5482214E1B00742D00D819B7 /* ViewController.swift in Sources */,
				5482214C1B00742D00D819B7 /* AppDelegate.swift in Sources */,
			);
			runOnlyForDeploymentPostprocessing = 0;
		};
		548221571B00742D00D819B7 /* Sources */ = {
			isa = PBXSourcesBuildPhase;
			buildActionMask = 2147483647;
			files = (
				548221621B00742D00D819B7 /* FingerMoveTests.swift in Sources */,
			);
			runOnlyForDeploymentPostprocessing = 0;
		};
/* End PBXSourcesBuildPhase section */

/* Begin PBXTargetDependency section */
		5482215D1B00742D00D819B7 /* PBXTargetDependency */ = {
			isa = PBXTargetDependency;
			target = 548221451B00742D00D819B7 /* FingerMove */;
			targetProxy = 5482215C1B00742D00D819B7 /* PBXContainerItemProxy */;
		};
/* End PBXTargetDependency section */

/* Begin PBXVariantGroup section */
		5482214F1B00742D00D819B7 /* Main.storyboard */ = {
			isa = PBXVariantGroup;
			children = (
				548221501B00742D00D819B7 /* Base */,
			);
			name = Main.storyboard;
			sourceTree = "<group>";
		};
		548221541B00742D00D819B7 /* LaunchScreen.xib */ = {
			isa = PBXVariantGroup;
			children = (
				548221551B00742D00D819B7 /* Base */,
			);
			name = LaunchScreen.xib;
			sourceTree = "<group>";
		};
/* End PBXVariantGroup section */

/* Begin XCBuildConfiguration section */
		548221631B00742D00D819B7 /* Debug */ = {
			isa = XCBuildConfiguration;
			buildSettings = {
				ALWAYS_SEARCH_USER_PATHS = NO;
				CLANG_CXX_LANGUAGE_STANDARD = "gnu++0x";
				CLANG_CXX_LIBRARY = "libc++";
				CLANG_ENABLE_MODULES = YES;
				CLANG_ENABLE_OBJC_ARC = YES;
				CLANG_WARN_BOOL_CONVERSION = YES;
				CLANG_WARN_CONSTANT_CONVERSION = YES;
				CLANG_WARN_DIRECT_OBJC_ISA_USAGE = YES_ERROR;
				CLANG_WARN_EMPTY_BODY = YES;
				CLANG_WARN_ENUM_CONVERSION = YES;
				CLANG_WARN_INT_CONVERSION = YES;
				CLANG_WARN_OBJC_ROOT_CLASS = YES_ERROR;
				CLANG_WARN_UNREACHABLE_CODE = YES;
				CLANG_WARN__DUPLICATE_METHOD_MATCH = YES;
				"CODE_SIGN_IDENTITY[sdk=iphoneos*]" = "iPhone Developer";
				COPY_PHASE_STRIP = NO;
				DEBUG_INFORMATION_FORMAT = "dwarf-with-dsym";
				ENABLE_STRICT_OBJC_MSGSEND = YES;
				GCC_C_LANGUAGE_STANDARD = gnu99;
				GCC_DYNAMIC_NO_PIC = NO;
				GCC_NO_COMMON_BLOCKS = YES;
				GCC_OPTIMIZATION_LEVEL = 0;
				GCC_PREPROCESSOR_DEFINITIONS = (
					"DEBUG=1",
					"$(inherited)",
				);
				GCC_SYMBOLS_PRIVATE_EXTERN = NO;
				GCC_WARN_64_TO_32_BIT_CONVERSION = YES;
				GCC_WARN_ABOUT_RETURN_TYPE = YES_ERROR;
				GCC_WARN_UNDECLARED_SELECTOR = YES;
				GCC_WARN_UNINITIALIZED_AUTOS = YES_AGGRESSIVE;
				GCC_WARN_UNUSED_FUNCTION = YES;
				GCC_WARN_UNUSED_VARIABLE = YES;
				IPHONEOS_DEPLOYMENT_TARGET = 8.3;
				MTL_ENABLE_DEBUG_INFO = YES;
				ONLY_ACTIVE_ARCH = YES;
				SDKROOT = iphoneos;
				SWIFT_OPTIMIZATION_LEVEL = "-Onone";
				TARGETED_DEVICE_FAMILY = "1,2";
			};
			name = Debug;
		};
		548221641B00742D00D819B7 /* Release */ = {
			isa = XCBuildConfiguration;
			buildSettings = {
				ALWAYS_SEARCH_USER_PATHS = NO;
				CLANG_CXX_LANGUAGE_STANDARD = "gnu++0x";
				CLANG_CXX_LIBRARY = "libc++";
				CLANG_ENABLE_MODULES = YES;
				CLANG_ENABLE_OBJC_ARC = YES;
				CLANG_WARN_BOOL_CONVERSION = YES;
				CLANG_WARN_CONSTANT_CONVERSION = YES;
				CLANG_WARN_DIRECT_OBJC_ISA_USAGE = YES_ERROR;
				CLANG_WARN_EMPTY_BODY = YES;
				CLANG_WARN_ENUM_CONVERSION = YES;
				CLANG_WARN_INT_CONVERSION = YES;
				CLANG_WARN_OBJC_ROOT_CLASS = YES_ERROR;
				CLANG_WARN_UNREACHABLE_CODE = YES;
				CLANG_WARN__DUPLICATE_METHOD_MATCH = YES;
				"CODE_SIGN_IDENTITY[sdk=iphoneos*]" = "iPhone Developer";
				COPY_PHASE_STRIP = NO;
				DEBUG_INFORMATION_FORMAT = "dwarf-with-dsym";
				ENABLE_NS_ASSERTIONS = NO;
				ENABLE_STRICT_OBJC_MSGSEND = YES;
				GCC_C_LANGUAGE_STANDARD = gnu99;
				GCC_NO_COMMON_BLOCKS = YES;
				GCC_WARN_64_TO_32_BIT_CONVERSION = YES;
				GCC_WARN_ABOUT_RETURN_TYPE = YES_ERROR;
				GCC_WARN_UNDECLARED_SELECTOR = YES;
				GCC_WARN_UNINITIALIZED_AUTOS = YES_AGGRESSIVE;
				GCC_WARN_UNUSED_FUNCTION = YES;
				GCC_WARN_UNUSED_VARIABLE = YES;
				IPHONEOS_DEPLOYMENT_TARGET = 8.3;
				MTL_ENABLE_DEBUG_INFO = NO;
				SDKROOT = iphoneos;
				TARGETED_DEVICE_FAMILY = "1,2";
				VALIDATE_PRODUCT = YES;
			};
			name = Release;
		};
		548221661B00742D00D819B7 /* Debug */ = {
			isa = XCBuildConfiguration;
			buildSettings = {
				ASSETCATALOG_COMPILER_APPICON_NAME = AppIcon;
				INFOPLIST_FILE = FingerMove/Info.plist;
				LD_RUNPATH_SEARCH_PATHS = "$(inherited) @executable_path/Frameworks";
				PRODUCT_NAME = "$(TARGET_NAME)";
			};
			name = Debug;
		};
		548221671B00742D00D819B7 /* Release */ = {
			isa = XCBuildConfiguration;
			buildSettings = {
				ASSETCATALOG_COMPILER_APPICON_NAME = AppIcon;
				INFOPLIST_FILE = FingerMove/Info.plist;
				LD_RUNPATH_SEARCH_PATHS = "$(inherited) @executable_path/Frameworks";
				PRODUCT_NAME = "$(TARGET_NAME)";
			};
			name = Release;
		};
		548221691B00742D00D819B7 /* Debug */ = {
			isa = XCBuildConfiguration;
			buildSettings = {
				BUNDLE_LOADER = "$(TEST_HOST)";
				FRAMEWORK_SEARCH_PATHS = (
					"$(SDKROOT)/Developer/Library/Frameworks",
					"$(inherited)",
				);
				GCC_PREPROCESSOR_DEFINITIONS = (
					"DEBUG=1",
					"$(inherited)",
				);
				INFOPLIST_FILE = FingerMoveTests/Info.plist;
				LD_RUNPATH_SEARCH_PATHS = "$(inherited) @executable_path/Frameworks @loader_path/Frameworks";
				PRODUCT_NAME = "$(TARGET_NAME)";
				TEST_HOST = "$(BUILT_PRODUCTS_DIR)/FingerMove.app/FingerMove";
			};
			name = Debug;
		};
		5482216A1B00742D00D819B7 /* Release */ = {
			isa = XCBuildConfiguration;
			buildSettings = {
				BUNDLE_LOADER = "$(TEST_HOST)";
				FRAMEWORK_SEARCH_PATHS = (
					"$(SDKROOT)/Developer/Library/Frameworks",
					"$(inherited)",
				);
				INFOPLIST_FILE = FingerMoveTests/Info.plist;
				LD_RUNPATH_SEARCH_PATHS = "$(inherited) @executable_path/Frameworks @loader_path/Frameworks";
				PRODUCT_NAME = "$(TARGET_NAME)";
				TEST_HOST = "$(BUILT_PRODUCTS_DIR)/FingerMove.app/FingerMove";
			};
			name = Release;
		};
/* End XCBuildConfiguration section */

/* Begin XCConfigurationList section */
		548221411B00742D00D819B7 /* Build configuration list for PBXProject "FingerMove" */ = {
			isa = XCConfigurationList;
			buildConfigurations = (
				548221631B00742D00D819B7 /* Debug */,
				548221641B00742D00D819B7 /* Release */,
			);
			defaultConfigurationIsVisible = 0;
			defaultConfigurationName = Release;
		};
		548221651B00742D00D819B7 /* Build configuration list for PBXNativeTarget "FingerMove" */ = {
			isa = XCConfigurationList;
			buildConfigurations = (
				548221661B00742D00D819B7 /* Debug */,
				548221671B00742D00D819B7 /* Release */,
			);
			defaultConfigurationIsVisible = 0;
		};
		548221681B00742D00D819B7 /* Build configuration list for PBXNativeTarget "FingerMoveTests" */ = {
			isa = XCConfigurationList;
			buildConfigurations = (
				548221691B00742D00D819B7 /* Debug */,
				5482216A1B00742D00D819B7 /* Release */,
			);
			defaultConfigurationIsVisible = 0;
		};
/* End XCConfigurationList section */
	};
	rootObject = 5482213E1B00742D00D819B7 /* Project object */;
}
